version: 6
environments:
  default:
    channels:
    - url: https://conda.anaconda.org/conda-forge/
    indexes:
    - https://pypi.org/simple
    packages:
      osx-arm64:
      - conda: https://conda.anaconda.org/conda-forge/osx-arm64/bzip2-1.0.8-h99b78c6_7.conda
      - conda: https://conda.anaconda.org/conda-forge/noarch/ca-certificates-2025.8.3-hbd8a1cb_0.conda
      - conda: https://conda.anaconda.org/conda-forge/osx-arm64/icu-75.1-hfee45f7_0.conda
      - conda: https://conda.anaconda.org/conda-forge/osx-arm64/libblas-3.9.0-34_h10e41b3_openblas.conda
      - conda: https://conda.anaconda.org/conda-forge/osx-arm64/libcblas-3.9.0-34_hb3479ef_openblas.conda
      - conda: https://conda.anaconda.org/conda-forge/osx-arm64/libcxx-20.1.8-hf598326_1.conda
      - conda: https://conda.anaconda.org/conda-forge/osx-arm64/libexpat-2.7.1-hec049ff_0.conda
      - conda: https://conda.anaconda.org/conda-forge/osx-arm64/libffi-3.4.6-h1da3d7d_1.conda
      - conda: https://conda.anaconda.org/conda-forge/osx-arm64/libgfortran-15.1.0-hfdf1602_1.conda
      - conda: https://conda.anaconda.org/conda-forge/osx-arm64/libgfortran5-15.1.0-hb74de2c_1.conda
      - conda: https://conda.anaconda.org/conda-forge/osx-arm64/liblapack-3.9.0-34_hc9a63f6_openblas.conda
      - conda: https://conda.anaconda.org/conda-forge/osx-arm64/liblzma-5.8.1-h39f12f2_2.conda
      - conda: https://conda.anaconda.org/conda-forge/osx-arm64/libmpdec-4.0.0-h5505292_0.conda
      - conda: https://conda.anaconda.org/conda-forge/osx-arm64/libopenblas-0.3.30-openmp_h60d53f8_2.conda
      - conda: https://conda.anaconda.org/conda-forge/osx-arm64/libsqlite-3.50.4-h4237e3c_0.conda
      - conda: https://conda.anaconda.org/conda-forge/osx-arm64/libzlib-1.3.1-h8359307_2.conda
      - conda: https://conda.anaconda.org/conda-forge/osx-arm64/llvm-openmp-20.1.8-hbb9b287_2.conda
      - conda: https://conda.anaconda.org/conda-forge/osx-arm64/ncurses-6.5-h5e97a16_3.conda
      - conda: https://conda.anaconda.org/conda-forge/osx-arm64/numpy-2.3.2-py313haac90e2_1.conda
      - conda: https://conda.anaconda.org/conda-forge/osx-arm64/openssl-3.5.2-he92f556_0.conda
      - conda: https://conda.anaconda.org/conda-forge/noarch/packaging-25.0-pyh29332c3_1.conda
      - conda: https://conda.anaconda.org/conda-forge/osx-arm64/pandas-2.3.2-py313hd1f53c0_0.conda
      - conda: https://conda.anaconda.org/conda-forge/noarch/patsy-1.0.1-pyhd8ed1ab_1.conda
      - conda: https://conda.anaconda.org/conda-forge/osx-arm64/python-3.13.5-hf3f3da0_102_cp313.conda
      - conda: https://conda.anaconda.org/conda-forge/noarch/python-dateutil-2.9.0.post0-pyhe01879c_2.conda
      - conda: https://conda.anaconda.org/conda-forge/noarch/python-tzdata-2025.2-pyhd8ed1ab_0.conda
      - conda: https://conda.anaconda.org/conda-forge/noarch/python_abi-3.13-8_cp313.conda
      - conda: https://conda.anaconda.org/conda-forge/noarch/pytz-2025.2-pyhd8ed1ab_0.conda
      - conda: https://conda.anaconda.org/conda-forge/osx-arm64/readline-8.2-h1d1bf99_2.conda
      - conda: https://conda.anaconda.org/conda-forge/osx-arm64/scipy-1.16.1-py313h74efe86_0.conda
      - conda: https://conda.anaconda.org/conda-forge/noarch/six-1.17.0-pyhe01879c_1.conda
      - conda: https://conda.anaconda.org/conda-forge/osx-arm64/statsmodels-0.14.5-py313h46657e6_0.conda
      - conda: https://conda.anaconda.org/conda-forge/osx-arm64/tk-8.6.13-h892fb3f_2.conda
      - conda: https://conda.anaconda.org/conda-forge/noarch/tzdata-2025b-h78e105d_0.conda
      - pypi: https://files.pythonhosted.org/packages/aa/f3/0b6ced594e51cc95d8c1fc1640d3623770d01e4969d29c0bd09945fafefa/altair-5.5.0-py3-none-any.whl
      - pypi: https://files.pythonhosted.org/packages/77/06/bb80f5f86020c4551da315d78b3ab75e8228f89f0162f2c3a819e407941a/attrs-25.3.0-py3-none-any.whl
      - pypi: https://files.pythonhosted.org/packages/10/cb/f2ad4230dc2eb1a74edf38f1a38b9b52277f75bef262d8908e60d957e13c/blinker-1.9.0-py3-none-any.whl
      - pypi: https://files.pythonhosted.org/packages/6c/56/3124f61d37a7a4e7cc96afc5492c78ba0cb551151e530b54669ddd1436ef/cachetools-6.2.0-py3-none-any.whl
      - pypi: https://files.pythonhosted.org/packages/e5/48/1549795ba7742c948d2ad169c1c8cdbae65bc450d6cd753d124b17c8cd32/certifi-2025.8.3-py3-none-any.whl
      - pypi: https://files.pythonhosted.org/packages/65/ca/2135ac97709b400c7654b4b764daf5c5567c2da45a30cdd20f9eefe2d658/charset_normalizer-3.4.3-cp313-cp313-macosx_10_13_universal2.whl
      - pypi: https://files.pythonhosted.org/packages/85/32/10bb5764d90a8eee674e9dc6f4db6a0ab47c8c4d0d83c27f7c39ac415a4d/click-8.2.1-py3-none-any.whl
      - pypi: https://files.pythonhosted.org/packages/a0/61/5c78b91c3143ed5c14207f463aecfc8f9dbb5092fb2869baf37c273b2705/gitdb-4.0.12-py3-none-any.whl
      - pypi: https://files.pythonhosted.org/packages/01/61/d4b89fec821f72385526e1b9d9a3a0385dda4a72b206d28049e2c7cd39b8/gitpython-3.1.45-py3-none-any.whl
      - pypi: https://files.pythonhosted.org/packages/76/c6/c88e154df9c4e1a2a66ccf0005a88dfb2650c1dffb6f5ce603dfbd452ce3/idna-3.10-py3-none-any.whl
      - pypi: https://files.pythonhosted.org/packages/62/a1/3d680cbfd5f4b8f15abc1d571870c5fc3e594bb582bc3b64ea099db13e56/jinja2-3.1.6-py3-none-any.whl
      - pypi: https://files.pythonhosted.org/packages/bf/9c/8c95d856233c1f82500c2450b8c68576b4cf1c871db3afac5c34ff84e6fd/jsonschema-4.25.1-py3-none-any.whl
      - pypi: https://files.pythonhosted.org/packages/01/0e/b27cdbaccf30b890c40ed1da9fd4a3593a5cf94dae54fb34f8a4b74fcd3f/jsonschema_specifications-2025.4.1-py3-none-any.whl
      - pypi: https://files.pythonhosted.org/packages/2b/6d/9409f3684d3335375d04e5f05744dfe7e9f120062c9857df4ab490a1031a/MarkupSafe-3.0.2-cp313-cp313-macosx_11_0_arm64.whl
      - pypi: https://files.pythonhosted.org/packages/dd/54/1ecca75e51d7da8ca53d1ffa8636ef9077a6eaa31f43ade71360b3e6449a/narwhals-2.2.0-py3-none-any.whl
      - pypi: https://files.pythonhosted.org/packages/f9/0e/37d7d3eca6c879fbd9dba21268427dffda1ab00d4eb05b32923d4fbe3b12/pillow-11.3.0-cp313-cp313-macosx_11_0_arm64.whl
      - pypi: https://files.pythonhosted.org/packages/cc/5b/0d421533c59c789e9c9894683efac582c06246bf24bb26b753b149bd88e4/protobuf-6.32.0-cp39-abi3-macosx_10_9_universal2.whl
      - pypi: https://files.pythonhosted.org/packages/16/ca/c7eaa8e62db8fb37ce942b1ea0c6d7abfe3786ca193957afa25e71b81b66/pyarrow-21.0.0-cp313-cp313-macosx_12_0_arm64.whl
      - pypi: https://files.pythonhosted.org/packages/ab/4c/b888e6cf58bd9db9c93f40d1c6be8283ff49d88919231afe93a6bcf61626/pydeck-0.9.1-py2.py3-none-any.whl
      - pypi: https://files.pythonhosted.org/packages/c1/b1/3baf80dc6d2b7bc27a95a67752d0208e410351e3feb4eb78de5f77454d8d/referencing-0.36.2-py3-none-any.whl
      - pypi: https://files.pythonhosted.org/packages/1e/db/4254e3eabe8020b458f1a747140d32277ec7a271daf1d235b70dc0b4e6e3/requests-2.32.5-py3-none-any.whl
      - pypi: https://files.pythonhosted.org/packages/3a/fc/c43765f201c6a1c60be2043cbdb664013def52460a4c7adace89d6682bf4/rpds_py-0.27.1-cp313-cp313-macosx_11_0_arm64.whl
      - pypi: https://files.pythonhosted.org/packages/04/be/d09147ad1ec7934636ad912901c5fd7667e1c858e19d355237db0d0cd5e4/smmap-5.0.2-py3-none-any.whl
      - pypi: https://files.pythonhosted.org/packages/8c/9d/fe78a94ca379aa80e0e14900ce0e6276d339710a11039ad8700dc66a8014/streamlit-1.49.0-py3-none-any.whl
      - pypi: https://files.pythonhosted.org/packages/e5/30/643397144bfbfec6f6ef821f36f33e57d35946c44a2352d3c9f0ae847619/tenacity-9.1.2-py3-none-any.whl
      - pypi: https://files.pythonhosted.org/packages/44/6f/7120676b6d73228c96e17f1f794d8ab046fc910d781c8d151120c3f1569e/toml-0.10.2-py2.py3-none-any.whl
      - pypi: https://files.pythonhosted.org/packages/f6/48/6a7529df2c9cc12efd2e8f5dd219516184d703b34c06786809670df5b3bd/tornado-6.5.2-cp39-abi3-macosx_10_9_universal2.whl
      - pypi: https://files.pythonhosted.org/packages/18/67/36e9267722cc04a6b9f15c7f3441c2363321a3ea07da7ae0c0707beb2a9c/typing_extensions-4.15.0-py3-none-any.whl
      - pypi: https://files.pythonhosted.org/packages/a7/c2/fe1e52489ae3122415c51f387e221dd0773709bad6c6cdaa599e8a2c5185/urllib3-2.5.0-py3-none-any.whl
      - pypi: ./
packages:
- pypi: https://files.pythonhosted.org/packages/aa/f3/0b6ced594e51cc95d8c1fc1640d3623770d01e4969d29c0bd09945fafefa/altair-5.5.0-py3-none-any.whl
  name: altair
  version: 5.5.0
  sha256: 91a310b926508d560fe0148d02a194f38b824122641ef528113d029fcd129f8c
  requires_dist:
  - jinja2
  - jsonschema>=3.0
  - narwhals>=1.14.2
  - packaging
  - typing-extensions>=4.10.0 ; python_full_version < '3.14'
  - altair-tiles>=0.3.0 ; extra == 'all'
  - anywidget>=0.9.0 ; extra == 'all'
  - numpy ; extra == 'all'
  - pandas>=1.1.3 ; extra == 'all'
  - pyarrow>=11 ; extra == 'all'
  - vega-datasets>=0.9.0 ; extra == 'all'
  - vegafusion[embed]>=1.6.6 ; extra == 'all'
  - vl-convert-python>=1.7.0 ; extra == 'all'
  - duckdb>=1.0 ; extra == 'dev'
  - geopandas ; extra == 'dev'
  - hatch>=1.13.0 ; extra == 'dev'
  - ipython[kernel] ; extra == 'dev'
  - mistune ; extra == 'dev'
  - mypy ; extra == 'dev'
  - pandas-stubs ; extra == 'dev'
  - pandas>=1.1.3 ; extra == 'dev'
  - polars>=0.20.3 ; extra == 'dev'
  - pyarrow-stubs ; extra == 'dev'
  - pytest ; extra == 'dev'
  - pytest-cov ; extra == 'dev'
  - pytest-xdist[psutil]~=3.5 ; extra == 'dev'
  - ruff>=0.6.0 ; extra == 'dev'
  - types-jsonschema ; extra == 'dev'
  - types-setuptools ; extra == 'dev'
  - docutils ; extra == 'doc'
  - jinja2 ; extra == 'doc'
  - myst-parser ; extra == 'doc'
  - numpydoc ; extra == 'doc'
  - pillow>=9,<10 ; extra == 'doc'
  - pydata-sphinx-theme>=0.14.1 ; extra == 'doc'
  - scipy ; extra == 'doc'
  - sphinx ; extra == 'doc'
  - sphinx-copybutton ; extra == 'doc'
  - sphinx-design ; extra == 'doc'
  - sphinxext-altair ; extra == 'doc'
  - vl-convert-python>=1.7.0 ; extra == 'save'
  requires_python: '>=3.9'
- pypi: https://files.pythonhosted.org/packages/77/06/bb80f5f86020c4551da315d78b3ab75e8228f89f0162f2c3a819e407941a/attrs-25.3.0-py3-none-any.whl
  name: attrs
  version: 25.3.0
  sha256: 427318ce031701fea540783410126f03899a97ffc6f61596ad581ac2e40e3bc3
  requires_dist:
  - cloudpickle ; platform_python_implementation == 'CPython' and extra == 'benchmark'
  - hypothesis ; extra == 'benchmark'
  - mypy>=1.11.1 ; python_full_version >= '3.10' and platform_python_implementation == 'CPython' and extra == 'benchmark'
  - pympler ; extra == 'benchmark'
  - pytest-codspeed ; extra == 'benchmark'
  - pytest-mypy-plugins ; python_full_version >= '3.10' and platform_python_implementation == 'CPython' and extra == 'benchmark'
  - pytest-xdist[psutil] ; extra == 'benchmark'
  - pytest>=4.3.0 ; extra == 'benchmark'
  - cloudpickle ; platform_python_implementation == 'CPython' and extra == 'cov'
  - coverage[toml]>=5.3 ; extra == 'cov'
  - hypothesis ; extra == 'cov'
  - mypy>=1.11.1 ; python_full_version >= '3.10' and platform_python_implementation == 'CPython' and extra == 'cov'
  - pympler ; extra == 'cov'
  - pytest-mypy-plugins ; python_full_version >= '3.10' and platform_python_implementation == 'CPython' and extra == 'cov'
  - pytest-xdist[psutil] ; extra == 'cov'
  - pytest>=4.3.0 ; extra == 'cov'
  - cloudpickle ; platform_python_implementation == 'CPython' and extra == 'dev'
  - hypothesis ; extra == 'dev'
  - mypy>=1.11.1 ; python_full_version >= '3.10' and platform_python_implementation == 'CPython' and extra == 'dev'
  - pre-commit-uv ; extra == 'dev'
  - pympler ; extra == 'dev'
  - pytest-mypy-plugins ; python_full_version >= '3.10' and platform_python_implementation == 'CPython' and extra == 'dev'
  - pytest-xdist[psutil] ; extra == 'dev'
  - pytest>=4.3.0 ; extra == 'dev'
  - cogapp ; extra == 'docs'
  - furo ; extra == 'docs'
  - myst-parser ; extra == 'docs'
  - sphinx ; extra == 'docs'
  - sphinx-notfound-page ; extra == 'docs'
  - sphinxcontrib-towncrier ; extra == 'docs'
  - towncrier ; extra == 'docs'
  - cloudpickle ; platform_python_implementation == 'CPython' and extra == 'tests'
  - hypothesis ; extra == 'tests'
  - mypy>=1.11.1 ; python_full_version >= '3.10' and platform_python_implementation == 'CPython' and extra == 'tests'
  - pympler ; extra == 'tests'
  - pytest-mypy-plugins ; python_full_version >= '3.10' and platform_python_implementation == 'CPython' and extra == 'tests'
  - pytest-xdist[psutil] ; extra == 'tests'
  - pytest>=4.3.0 ; extra == 'tests'
  - mypy>=1.11.1 ; python_full_version >= '3.10' and platform_python_implementation == 'CPython' and extra == 'tests-mypy'
  - pytest-mypy-plugins ; python_full_version >= '3.10' and platform_python_implementation == 'CPython' and extra == 'tests-mypy'
  requires_python: '>=3.8'
- pypi: https://files.pythonhosted.org/packages/10/cb/f2ad4230dc2eb1a74edf38f1a38b9b52277f75bef262d8908e60d957e13c/blinker-1.9.0-py3-none-any.whl
  name: blinker
  version: 1.9.0
  sha256: ba0efaa9080b619ff2f3459d1d500c57bddea4a6b424b60a91141db6fd2f08bc
  requires_python: '>=3.9'
- conda: https://conda.anaconda.org/conda-forge/osx-arm64/bzip2-1.0.8-h99b78c6_7.conda
  sha256: adfa71f158cbd872a36394c56c3568e6034aa55c623634b37a4836bd036e6b91
  md5: fc6948412dbbbe9a4c9ddbbcfe0a79ab
  depends:
  - __osx >=11.0
  license: bzip2-1.0.6
  license_family: BSD
  purls: []
  size: 122909
  timestamp: 1720974522888
- conda: https://conda.anaconda.org/conda-forge/noarch/ca-certificates-2025.8.3-hbd8a1cb_0.conda
  sha256: 837b795a2bb39b75694ba910c13c15fa4998d4bb2a622c214a6a5174b2ae53d1
  md5: 74784ee3d225fc3dca89edb635b4e5cc
  depends:
  - __unix
  license: ISC
  purls: []
  size: 154402
  timestamp: 1754210968730
- pypi: https://files.pythonhosted.org/packages/6c/56/3124f61d37a7a4e7cc96afc5492c78ba0cb551151e530b54669ddd1436ef/cachetools-6.2.0-py3-none-any.whl
  name: cachetools
  version: 6.2.0
  sha256: 1c76a8960c0041fcc21097e357f882197c79da0dbff766e7317890a65d7d8ba6
  requires_python: '>=3.9'
- pypi: https://files.pythonhosted.org/packages/e5/48/1549795ba7742c948d2ad169c1c8cdbae65bc450d6cd753d124b17c8cd32/certifi-2025.8.3-py3-none-any.whl
  name: certifi
  version: 2025.8.3
  sha256: f6c12493cfb1b06ba2ff328595af9350c65d6644968e5d3a2ffd78699af217a5
  requires_python: '>=3.7'
- pypi: https://files.pythonhosted.org/packages/65/ca/2135ac97709b400c7654b4b764daf5c5567c2da45a30cdd20f9eefe2d658/charset_normalizer-3.4.3-cp313-cp313-macosx_10_13_universal2.whl
  name: charset-normalizer
  version: 3.4.3
  sha256: 14c2a87c65b351109f6abfc424cab3927b3bdece6f706e4d12faaf3d52ee5efe
  requires_python: '>=3.7'
- pypi: https://files.pythonhosted.org/packages/85/32/10bb5764d90a8eee674e9dc6f4db6a0ab47c8c4d0d83c27f7c39ac415a4d/click-8.2.1-py3-none-any.whl
  name: click
  version: 8.2.1
  sha256: 61a3265b914e850b85317d0b3109c7f8cd35a670f963866005d6ef1d5175a12b
  requires_dist:
  - colorama ; sys_platform == 'win32'
  requires_python: '>=3.10'
- pypi: https://files.pythonhosted.org/packages/a0/61/5c78b91c3143ed5c14207f463aecfc8f9dbb5092fb2869baf37c273b2705/gitdb-4.0.12-py3-none-any.whl
  name: gitdb
  version: 4.0.12
  sha256: 67073e15955400952c6565cc3e707c554a4eea2e428946f7a4c162fab9bd9bcf
  requires_dist:
  - smmap>=3.0.1,<6
  requires_python: '>=3.7'
- pypi: https://files.pythonhosted.org/packages/01/61/d4b89fec821f72385526e1b9d9a3a0385dda4a72b206d28049e2c7cd39b8/gitpython-3.1.45-py3-none-any.whl
  name: gitpython
  version: 3.1.45
  sha256: 8908cb2e02fb3b93b7eb0f2827125cb699869470432cc885f019b8fd0fccff77
  requires_dist:
  - gitdb>=4.0.1,<5
  - typing-extensions>=3.10.0.2 ; python_full_version < '3.10'
  - coverage[toml] ; extra == 'test'
  - ddt>=1.1.1,!=1.4.3 ; extra == 'test'
  - mock ; python_full_version < '3.8' and extra == 'test'
  - mypy ; extra == 'test'
  - pre-commit ; extra == 'test'
  - pytest>=7.3.1 ; extra == 'test'
  - pytest-cov ; extra == 'test'
  - pytest-instafail ; extra == 'test'
  - pytest-mock ; extra == 'test'
  - pytest-sugar ; extra == 'test'
  - typing-extensions ; python_full_version < '3.11' and extra == 'test'
  - sphinx>=7.1.2,<7.2 ; extra == 'doc'
  - sphinx-rtd-theme ; extra == 'doc'
  - sphinx-autodoc-typehints ; extra == 'doc'
  requires_python: '>=3.7'
- conda: https://conda.anaconda.org/conda-forge/osx-arm64/icu-75.1-hfee45f7_0.conda
  sha256: 9ba12c93406f3df5ab0a43db8a4b4ef67a5871dfd401010fbe29b218b2cbe620
  md5: 5eb22c1d7b3fc4abb50d92d621583137
  depends:
  - __osx >=11.0
  license: MIT
  license_family: MIT
  purls: []
  size: 11857802
  timestamp: 1720853997952
- pypi: https://files.pythonhosted.org/packages/76/c6/c88e154df9c4e1a2a66ccf0005a88dfb2650c1dffb6f5ce603dfbd452ce3/idna-3.10-py3-none-any.whl
  name: idna
  version: '3.10'
  sha256: 946d195a0d259cbba61165e88e65941f16e9b36ea6ddb97f00452bae8b1287d3
  requires_dist:
  - ruff>=0.6.2 ; extra == 'all'
  - mypy>=1.11.2 ; extra == 'all'
  - pytest>=8.3.2 ; extra == 'all'
  - flake8>=7.1.1 ; extra == 'all'
  requires_python: '>=3.6'
- pypi: https://files.pythonhosted.org/packages/62/a1/3d680cbfd5f4b8f15abc1d571870c5fc3e594bb582bc3b64ea099db13e56/jinja2-3.1.6-py3-none-any.whl
  name: jinja2
  version: 3.1.6
  sha256: 85ece4451f492d0c13c5dd7c13a64681a86afae63a5f347908daf103ce6d2f67
  requires_dist:
  - markupsafe>=2.0
  - babel>=2.7 ; extra == 'i18n'
  requires_python: '>=3.7'
- pypi: https://files.pythonhosted.org/packages/bf/9c/8c95d856233c1f82500c2450b8c68576b4cf1c871db3afac5c34ff84e6fd/jsonschema-4.25.1-py3-none-any.whl
  name: jsonschema
  version: 4.25.1
  sha256: 3fba0169e345c7175110351d456342c364814cfcf3b964ba4587f22915230a63
  requires_dist:
  - attrs>=22.2.0
  - jsonschema-specifications>=2023.3.6
  - referencing>=0.28.4
  - rpds-py>=0.7.1
  - fqdn ; extra == 'format'
  - idna ; extra == 'format'
  - isoduration ; extra == 'format'
  - jsonpointer>1.13 ; extra == 'format'
  - rfc3339-validator ; extra == 'format'
  - rfc3987 ; extra == 'format'
  - uri-template ; extra == 'format'
  - webcolors>=1.11 ; extra == 'format'
  - fqdn ; extra == 'format-nongpl'
  - idna ; extra == 'format-nongpl'
  - isoduration ; extra == 'format-nongpl'
  - jsonpointer>1.13 ; extra == 'format-nongpl'
  - rfc3339-validator ; extra == 'format-nongpl'
  - rfc3986-validator>0.1.0 ; extra == 'format-nongpl'
  - rfc3987-syntax>=1.1.0 ; extra == 'format-nongpl'
  - uri-template ; extra == 'format-nongpl'
  - webcolors>=24.6.0 ; extra == 'format-nongpl'
  requires_python: '>=3.9'
- pypi: https://files.pythonhosted.org/packages/01/0e/b27cdbaccf30b890c40ed1da9fd4a3593a5cf94dae54fb34f8a4b74fcd3f/jsonschema_specifications-2025.4.1-py3-none-any.whl
  name: jsonschema-specifications
  version: 2025.4.1
  sha256: 4653bffbd6584f7de83a67e0d620ef16900b390ddc7939d56684d6c81e33f1af
  requires_dist:
  - referencing>=0.31.0
  requires_python: '>=3.9'
- conda: https://conda.anaconda.org/conda-forge/osx-arm64/libblas-3.9.0-34_h10e41b3_openblas.conda
  build_number: 34
  sha256: 5de3c3bfcdc8ba05da1a7815c9953fe392c2065d9efdc2491f91df6d0d1d9e76
  md5: cdb3e1ca1661dbf19f9aad7dad524996
  depends:
  - libopenblas >=0.3.30,<0.3.31.0a0
  - libopenblas >=0.3.30,<1.0a0
  constrains:
  - blas 2.134   openblas
  - mkl <2025
  - liblapacke 3.9.0   34*_openblas
  - libcblas   3.9.0   34*_openblas
  - liblapack  3.9.0   34*_openblas
  license: BSD-3-Clause
  license_family: BSD
  purls: []
  size: 19533
  timestamp: 1754678956963
- conda: https://conda.anaconda.org/conda-forge/osx-arm64/libcblas-3.9.0-34_hb3479ef_openblas.conda
  build_number: 34
  sha256: 6639f6c6b2e76cb1be62cd6d9033bda7dc3fab2e5a80f5be4b5c522c27dcba17
  md5: e15018d609b8957c146dcb6c356dd50c
  depends:
  - libblas 3.9.0 34_h10e41b3_openblas
  constrains:
  - liblapack  3.9.0   34*_openblas
  - blas 2.134   openblas
  - liblapacke 3.9.0   34*_openblas
  license: BSD-3-Clause
  license_family: BSD
  purls: []
  size: 19521
  timestamp: 1754678970336
- conda: https://conda.anaconda.org/conda-forge/osx-arm64/libcxx-20.1.8-hf598326_1.conda
  sha256: 119b3ac75cb1ea29981e5053c2cb10d5f0b06fcc81b486cb7281f160daf673a1
  md5: a69ef3239d3268ef8602c7a7823fd982
  depends:
  - __osx >=11.0
  license: Apache-2.0 WITH LLVM-exception
  license_family: Apache
  purls: []
  size: 568267
  timestamp: 1752814881595
- conda: https://conda.anaconda.org/conda-forge/osx-arm64/libexpat-2.7.1-hec049ff_0.conda
  sha256: 8fbb17a56f51e7113ed511c5787e0dec0d4b10ef9df921c4fd1cccca0458f648
  md5: b1ca5f21335782f71a8bd69bdc093f67
  depends:
  - __osx >=11.0
  constrains:
  - expat 2.7.1.*
  license: MIT
  license_family: MIT
  purls: []
  size: 65971
  timestamp: 1752719657566
- conda: https://conda.anaconda.org/conda-forge/osx-arm64/libffi-3.4.6-h1da3d7d_1.conda
  sha256: c6a530924a9b14e193ea9adfe92843de2a806d1b7dbfd341546ece9653129e60
  md5: c215a60c2935b517dcda8cad4705734d
  depends:
  - __osx >=11.0
  license: MIT
  license_family: MIT
  purls: []
  size: 39839
  timestamp: 1743434670405
- conda: https://conda.anaconda.org/conda-forge/osx-arm64/libgfortran-15.1.0-hfdf1602_1.conda
  sha256: 981e3fac416e80b007a2798d6c1d4357ebebeb72a039aca1fb3a7effe9dcae86
  md5: c98207b6e2b1a309abab696d229f163e
  depends:
  - libgfortran5 15.1.0 hb74de2c_1
  license: GPL-3.0-only WITH GCC-exception-3.1
  license_family: GPL
  purls: []
  size: 134383
  timestamp: 1756239485494
- conda: https://conda.anaconda.org/conda-forge/osx-arm64/libgfortran5-15.1.0-hb74de2c_1.conda
  sha256: 1f8f5b2fdd0d2559d0f3bade8da8f57e9ee9b54685bd6081c6d6d9a2b0239b41
  md5: 4281bd1c654cb4f5cab6392b3330451f
  depends:
  - llvm-openmp >=8.0.0
  constrains:
  - libgfortran 15.1.0
  license: GPL-3.0-only WITH GCC-exception-3.1
  license_family: GPL
  purls: []
  size: 759679
  timestamp: 1756238772083
- conda: https://conda.anaconda.org/conda-forge/osx-arm64/liblapack-3.9.0-34_hc9a63f6_openblas.conda
  build_number: 34
  sha256: 659c7cc2d7104c5fa33482d28a6ce085fd116ff5625a117b7dd45a3521bf8efc
  md5: 94b13d05122e301de02842d021eea5fb
  depends:
  - libblas 3.9.0 34_h10e41b3_openblas
  constrains:
  - libcblas   3.9.0   34*_openblas
  - blas 2.134   openblas
  - liblapacke 3.9.0   34*_openblas
  license: BSD-3-Clause
  license_family: BSD
  purls: []
  size: 19532
  timestamp: 1754678979401
- conda: https://conda.anaconda.org/conda-forge/osx-arm64/liblzma-5.8.1-h39f12f2_2.conda
  sha256: 0cb92a9e026e7bd4842f410a5c5c665c89b2eb97794ffddba519a626b8ce7285
  md5: d6df911d4564d77c4374b02552cb17d1
  depends:
  - __osx >=11.0
  constrains:
  - xz 5.8.1.*
  license: 0BSD
  purls: []
  size: 92286
  timestamp: 1749230283517
- conda: https://conda.anaconda.org/conda-forge/osx-arm64/libmpdec-4.0.0-h5505292_0.conda
  sha256: 0a1875fc1642324ebd6c4ac864604f3f18f57fbcf558a8264f6ced028a3c75b2
  md5: 85ccccb47823dd9f7a99d2c7f530342f
  depends:
  - __osx >=11.0
  license: BSD-2-Clause
  license_family: BSD
  purls: []
  size: 71829
  timestamp: 1748393749336
- conda: https://conda.anaconda.org/conda-forge/osx-arm64/libopenblas-0.3.30-openmp_h60d53f8_2.conda
  sha256: 7b8551a4d21cf0b19f9a162f1f283a201b17f1bd5a6579abbd0d004788c511fa
  md5: d004259fd8d3d2798b16299d6ad6c9e9
  depends:
  - __osx >=11.0
  - libgfortran
  - libgfortran5 >=14.3.0
  - llvm-openmp >=19.1.7
  constrains:
  - openblas >=0.3.30,<0.3.31.0a0
  license: BSD-3-Clause
  license_family: BSD
  purls: []
  size: 4284696
  timestamp: 1755471861128
- conda: https://conda.anaconda.org/conda-forge/osx-arm64/libsqlite-3.50.4-h4237e3c_0.conda
  sha256: 802ebe62e6bc59fc26b26276b793e0542cfff2d03c086440aeaf72fb8bbcec44
  md5: 1dcb0468f5146e38fae99aef9656034b
  depends:
  - __osx >=11.0
  - icu >=75.1,<76.0a0
  - libzlib >=1.3.1,<2.0a0
  license: blessing
  purls: []
  size: 902645
  timestamp: 1753948599139
- conda: https://conda.anaconda.org/conda-forge/osx-arm64/libzlib-1.3.1-h8359307_2.conda
  sha256: ce34669eadaba351cd54910743e6a2261b67009624dbc7daeeafdef93616711b
  md5: 369964e85dc26bfe78f41399b366c435
  depends:
  - __osx >=11.0
  constrains:
  - zlib 1.3.1 *_2
  license: Zlib
  license_family: Other
  purls: []
  size: 46438
  timestamp: 1727963202283
- conda: https://conda.anaconda.org/conda-forge/osx-arm64/llvm-openmp-20.1.8-hbb9b287_2.conda
  sha256: a5bf3712542ad6c37f5a091174f65fa221197547f6f2e90f227476d90ed8b901
  md5: 725044ef08febdc554bbf2a895ef798f
  depends:
  - __osx >=11.0
  constrains:
  - openmp 20.1.8|20.1.8.*
  - intel-openmp <0.0a0
  license: Apache-2.0 WITH LLVM-exception
  license_family: APACHE
  purls: []
  size: 283280
  timestamp: 1756144638686
- pypi: https://files.pythonhosted.org/packages/2b/6d/9409f3684d3335375d04e5f05744dfe7e9f120062c9857df4ab490a1031a/MarkupSafe-3.0.2-cp313-cp313-macosx_11_0_arm64.whl
  name: markupsafe
  version: 3.0.2
  sha256: f8b3d067f2e40fe93e1ccdd6b2e1d16c43140e76f02fb1319a05cf2b79d99430
  requires_python: '>=3.9'
- pypi: https://files.pythonhosted.org/packages/dd/54/1ecca75e51d7da8ca53d1ffa8636ef9077a6eaa31f43ade71360b3e6449a/narwhals-2.2.0-py3-none-any.whl
  name: narwhals
  version: 2.2.0
  sha256: 2b5e3d61a486fa4328c286b0c8018b3e781a964947ff725d66ba12f6d5ca3d2a
  requires_dist:
  - cudf>=24.10.0 ; extra == 'cudf'
  - dask[dataframe]>=2024.8 ; extra == 'dask'
  - duckdb>=1.0 ; extra == 'duckdb'
  - ibis-framework>=6.0.0 ; extra == 'ibis'
  - packaging ; extra == 'ibis'
  - pyarrow-hotfix ; extra == 'ibis'
  - rich ; extra == 'ibis'
  - modin ; extra == 'modin'
  - pandas>=1.1.3 ; extra == 'pandas'
  - polars>=0.20.4 ; extra == 'polars'
  - pyarrow>=13.0.0 ; extra == 'pyarrow'
  - pyspark>=3.5.0 ; extra == 'pyspark'
  - pyspark[connect]>=3.5.0 ; extra == 'pyspark-connect'
  - sqlframe>=3.22.0 ; extra == 'sqlframe'
  requires_python: '>=3.9'
- conda: https://conda.anaconda.org/conda-forge/osx-arm64/ncurses-6.5-h5e97a16_3.conda
  sha256: 2827ada40e8d9ca69a153a45f7fd14f32b2ead7045d3bbb5d10964898fe65733
  md5: 068d497125e4bf8a66bf707254fff5ae
  depends:
  - __osx >=11.0
  license: X11 AND BSD-3-Clause
  purls: []
  size: 797030
  timestamp: 1738196177597
- conda: https://conda.anaconda.org/conda-forge/osx-arm64/numpy-2.3.2-py313haac90e2_1.conda
  sha256: ac352170c22707cf756c069789756af65282a3fe5f2b15ff272876a691c3e101
  md5: 6a551f055c64c64ff63a7c79e8e56342
  depends:
  - __osx >=11.0
  - libblas >=3.9.0,<4.0a0
  - libcblas >=3.9.0,<4.0a0
  - libcxx >=19
  - liblapack >=3.9.0,<4.0a0
  - python >=3.13,<3.14.0a0
  - python >=3.13,<3.14.0a0 *_cp313
  - python_abi 3.13.* *_cp313
  constrains:
  - numpy-base <0a0
  license: BSD-3-Clause
  license_family: BSD
  purls:
  - pkg:pypi/numpy?source=compressed-mapping
  size: 6551935
  timestamp: 1755865013318
- conda: https://conda.anaconda.org/conda-forge/osx-arm64/openssl-3.5.2-he92f556_0.conda
  sha256: f6d1c87dbcf7b39fad24347570166dade1c533ae2d53c60a70fa4dc874ef0056
  md5: bcb0d87dfbc199d0a461d2c7ca30b3d8
  depends:
  - __osx >=11.0
  - ca-certificates
  license: Apache-2.0
  license_family: Apache
  purls: []
  size: 3074848
  timestamp: 1754465710470
- conda: https://conda.anaconda.org/conda-forge/noarch/packaging-25.0-pyh29332c3_1.conda
  sha256: 289861ed0c13a15d7bbb408796af4de72c2fe67e2bcb0de98f4c3fce259d7991
  md5: 58335b26c38bf4a20f399384c33cbcf9
  depends:
  - python >=3.8
  - python
  license: Apache-2.0
  license_family: APACHE
  purls:
  - pkg:pypi/packaging?source=hash-mapping
  size: 62477
  timestamp: 1745345660407
- conda: https://conda.anaconda.org/conda-forge/osx-arm64/pandas-2.3.2-py313hd1f53c0_0.conda
  sha256: 4fe3d91274f1d6a4ad13c3f8e7f1dac1c205d4defb18f6a737346ab6be5d91ee
  md5: 6648125fd971c2525f893200617ab22b
  depends:
  - __osx >=11.0
  - libcxx >=19
  - numpy >=1.22.4
  - numpy >=1.23,<3
  - python >=3.13,<3.14.0a0
  - python >=3.13,<3.14.0a0 *_cp313
  - python-dateutil >=2.8.2
  - python-tzdata >=2022.7
  - python_abi 3.13.* *_cp313
  - pytz >=2020.1
  constrains:
  - python-calamine >=0.1.7
  - tabulate >=0.9.0
  - qtpy >=2.3.0
  - numexpr >=2.8.4
  - pytables >=3.8.0
  - fsspec >=2022.11.0
  - gcsfs >=2022.11.0
  - fastparquet >=2022.12.0
  - pyreadstat >=1.2.0
  - lxml >=4.9.2
  - sqlalchemy >=2.0.0
  - numba >=0.56.4
  - pandas-gbq >=0.19.0
  - odfpy >=1.4.1
  - zstandard >=0.19.0
  - matplotlib >=3.6.3
  - bottleneck >=1.3.6
  - pyarrow >=10.0.1
  - psycopg2 >=2.9.6
  - xlsxwriter >=3.0.5
  - s3fs >=2022.11.0
  - xarray >=2022.12.0
  - xlrd >=2.0.1
  - pyxlsb >=1.0.10
  - pyqt5 >=5.15.9
  - scipy >=1.10.0
  - tzdata >=2022.7
  - blosc >=1.21.3
  - beautifulsoup4 >=4.11.2
  - openpyxl >=3.1.0
  - html5lib >=1.1
  license: BSD-3-Clause
  license_family: BSD
  purls:
  - pkg:pypi/pandas?source=hash-mapping
  size: 14047923
  timestamp: 1755779620427
- conda: https://conda.anaconda.org/conda-forge/noarch/patsy-1.0.1-pyhd8ed1ab_1.conda
  sha256: ab52916f056b435757d46d4ce0a93fd73af47df9c11fd72b74cc4b7e1caca563
  md5: ee23fabfd0a8c6b8d6f3729b47b2859d
  depends:
  - numpy >=1.4.0
  - python >=3.9
  license: BSD-2-Clause AND PSF-2.0
  license_family: BSD
  purls:
  - pkg:pypi/patsy?source=hash-mapping
  size: 186594
  timestamp: 1733792482894
- pypi: https://files.pythonhosted.org/packages/f9/0e/37d7d3eca6c879fbd9dba21268427dffda1ab00d4eb05b32923d4fbe3b12/pillow-11.3.0-cp313-cp313-macosx_11_0_arm64.whl
  name: pillow
  version: 11.3.0
  sha256: 7db51d222548ccfd274e4572fdbf3e810a5e66b00608862f947b163e613b67dd
  requires_dist:
  - furo ; extra == 'docs'
  - olefile ; extra == 'docs'
  - sphinx>=8.2 ; extra == 'docs'
  - sphinx-autobuild ; extra == 'docs'
  - sphinx-copybutton ; extra == 'docs'
  - sphinx-inline-tabs ; extra == 'docs'
  - sphinxext-opengraph ; extra == 'docs'
  - olefile ; extra == 'fpx'
  - olefile ; extra == 'mic'
  - pyarrow ; extra == 'test-arrow'
  - check-manifest ; extra == 'tests'
  - coverage>=7.4.2 ; extra == 'tests'
  - defusedxml ; extra == 'tests'
  - markdown2 ; extra == 'tests'
  - olefile ; extra == 'tests'
  - packaging ; extra == 'tests'
  - pyroma ; extra == 'tests'
  - pytest ; extra == 'tests'
  - pytest-cov ; extra == 'tests'
  - pytest-timeout ; extra == 'tests'
  - pytest-xdist ; extra == 'tests'
  - trove-classifiers>=2024.10.12 ; extra == 'tests'
  - typing-extensions ; python_full_version < '3.10' and extra == 'typing'
  - defusedxml ; extra == 'xmp'
  requires_python: '>=3.9'
- pypi: https://files.pythonhosted.org/packages/cc/5b/0d421533c59c789e9c9894683efac582c06246bf24bb26b753b149bd88e4/protobuf-6.32.0-cp39-abi3-macosx_10_9_universal2.whl
  name: protobuf
  version: 6.32.0
  sha256: d52691e5bee6c860fff9a1c86ad26a13afbeb4b168cd4445c922b7e2cf85aaf0
  requires_python: '>=3.9'
- pypi: https://files.pythonhosted.org/packages/16/ca/c7eaa8e62db8fb37ce942b1ea0c6d7abfe3786ca193957afa25e71b81b66/pyarrow-21.0.0-cp313-cp313-macosx_12_0_arm64.whl
  name: pyarrow
  version: 21.0.0
  sha256: e99310a4ebd4479bcd1964dff9e14af33746300cb014aa4a3781738ac63baf4a
  requires_dist:
  - pytest ; extra == 'test'
  - hypothesis ; extra == 'test'
  - cffi ; extra == 'test'
  - pytz ; extra == 'test'
  - pandas ; extra == 'test'
  requires_python: '>=3.9'
- pypi: https://files.pythonhosted.org/packages/ab/4c/b888e6cf58bd9db9c93f40d1c6be8283ff49d88919231afe93a6bcf61626/pydeck-0.9.1-py2.py3-none-any.whl
  name: pydeck
  version: 0.9.1
  sha256: b3f75ba0d273fc917094fa61224f3f6076ca8752b93d46faf3bcfd9f9d59b038
  requires_dist:
  - jinja2>=2.10.1
  - numpy>=1.16.4
  - pydeck-carto ; extra == 'carto'
  - ipywidgets>=7,<8 ; extra == 'jupyter'
  - traitlets>=4.3.2 ; extra == 'jupyter'
  - ipython>=5.8.0 ; python_full_version < '3.4' and extra == 'jupyter'
  - ipykernel>=5.1.2 ; python_full_version >= '3.4' and extra == 'jupyter'
  requires_python: '>=3.8'
- conda: https://conda.anaconda.org/conda-forge/osx-arm64/python-3.13.5-hf3f3da0_102_cp313.conda
  build_number: 102
  sha256: ee1b09fb5563be8509bb9b29b2b436a0af75488b5f1fa6bcd93fe0fba597d13f
  md5: 123b7f04e7b8d6fc206cf2d3466f8a4b
  depends:
  - __osx >=11.0
  - bzip2 >=1.0.8,<2.0a0
  - libexpat >=2.7.0,<3.0a0
  - libffi >=3.4.6,<3.5.0a0
  - liblzma >=5.8.1,<6.0a0
  - libmpdec >=4.0.0,<5.0a0
  - libsqlite >=3.50.1,<4.0a0
  - libzlib >=1.3.1,<2.0a0
  - ncurses >=6.5,<7.0a0
  - openssl >=3.5.0,<4.0a0
  - python_abi 3.13.* *_cp313
  - readline >=8.2,<9.0a0
  - tk >=8.6.13,<8.7.0a0
  - tzdata
  license: Python-2.0
  purls: []
  size: 12931515
  timestamp: 1750062475020
  python_site_packages_path: lib/python3.13/site-packages
- conda: https://conda.anaconda.org/conda-forge/noarch/python-dateutil-2.9.0.post0-pyhe01879c_2.conda
  sha256: d6a17ece93bbd5139e02d2bd7dbfa80bee1a4261dced63f65f679121686bf664
  md5: 5b8d21249ff20967101ffa321cab24e8
  depends:
  - python >=3.9
  - six >=1.5
  - python
  license: Apache-2.0
  license_family: APACHE
  purls:
  - pkg:pypi/python-dateutil?source=hash-mapping
  size: 233310
  timestamp: 1751104122689
- conda: https://conda.anaconda.org/conda-forge/noarch/python-tzdata-2025.2-pyhd8ed1ab_0.conda
  sha256: e8392a8044d56ad017c08fec2b0eb10ae3d1235ac967d0aab8bd7b41c4a5eaf0
  md5: 88476ae6ebd24f39261e0854ac244f33
  depends:
  - python >=3.9
  license: Apache-2.0
  license_family: APACHE
  purls:
  - pkg:pypi/tzdata?source=hash-mapping
  size: 144160
  timestamp: 1742745254292
- conda: https://conda.anaconda.org/conda-forge/noarch/python_abi-3.13-8_cp313.conda
  build_number: 8
  sha256: 210bffe7b121e651419cb196a2a63687b087497595c9be9d20ebe97dd06060a7
  md5: 94305520c52a4aa3f6c2b1ff6008d9f8
  constrains:
  - python 3.13.* *_cp313
  license: BSD-3-Clause
  license_family: BSD
  purls: []
  size: 7002
  timestamp: 1752805902938
- conda: https://conda.anaconda.org/conda-forge/noarch/pytz-2025.2-pyhd8ed1ab_0.conda
  sha256: 8d2a8bf110cc1fc3df6904091dead158ba3e614d8402a83e51ed3a8aa93cdeb0
  md5: bc8e3267d44011051f2eb14d22fb0960
  depends:
  - python >=3.9
  license: MIT
  license_family: MIT
  purls:
  - pkg:pypi/pytz?source=hash-mapping
  size: 189015
  timestamp: 1742920947249
- conda: https://conda.anaconda.org/conda-forge/osx-arm64/readline-8.2-h1d1bf99_2.conda
  sha256: 7db04684d3904f6151eff8673270922d31da1eea7fa73254d01c437f49702e34
  md5: 63ef3f6e6d6d5c589e64f11263dc5676
  depends:
  - ncurses >=6.5,<7.0a0
  license: GPL-3.0-only
  license_family: GPL
  purls: []
  size: 252359
  timestamp: 1740379663071
- pypi: https://files.pythonhosted.org/packages/c1/b1/3baf80dc6d2b7bc27a95a67752d0208e410351e3feb4eb78de5f77454d8d/referencing-0.36.2-py3-none-any.whl
  name: referencing
  version: 0.36.2
  sha256: e8699adbbf8b5c7de96d8ffa0eb5c158b3beafce084968e2ea8bb08c6794dcd0
  requires_dist:
  - attrs>=22.2.0
  - rpds-py>=0.7.0
  - typing-extensions>=4.4.0 ; python_full_version < '3.13'
  requires_python: '>=3.9'
- pypi: https://files.pythonhosted.org/packages/1e/db/4254e3eabe8020b458f1a747140d32277ec7a271daf1d235b70dc0b4e6e3/requests-2.32.5-py3-none-any.whl
  name: requests
  version: 2.32.5
  sha256: 2462f94637a34fd532264295e186976db0f5d453d1cdd31473c85a6a161affb6
  requires_dist:
  - charset-normalizer>=2,<4
  - idna>=2.5,<4
  - urllib3>=1.21.1,<3
  - certifi>=2017.4.17
  - pysocks>=1.5.6,!=1.5.7 ; extra == 'socks'
  - chardet>=3.0.2,<6 ; extra == 'use-chardet-on-py3'
  requires_python: '>=3.9'
- pypi: https://files.pythonhosted.org/packages/3a/fc/c43765f201c6a1c60be2043cbdb664013def52460a4c7adace89d6682bf4/rpds_py-0.27.1-cp313-cp313-macosx_11_0_arm64.whl
  name: rpds-py
  version: 0.27.1
  sha256: 1441811a96eadca93c517d08df75de45e5ffe68aa3089924f963c782c4b898cf
  requires_python: '>=3.9'
- conda: https://conda.anaconda.org/conda-forge/osx-arm64/scipy-1.16.1-py313h74efe86_0.conda
  sha256: c39467e39d444517edcf5ffd117f1984dc69523da8f519f6c6cbf6c38653a033
  md5: 21ee392d9c8f7329fac0c43fb85c74bf
  depends:
  - __osx >=11.0
  - libblas >=3.9.0,<4.0a0
  - libcblas >=3.9.0,<4.0a0
  - libcxx >=19
  - libgfortran
  - libgfortran5 >=14.3.0
  - libgfortran5 >=15.1.0
  - liblapack >=3.9.0,<4.0a0
  - numpy <2.6
  - numpy >=1.23,<3
  - numpy >=1.25.2
  - python >=3.13,<3.14.0a0
  - python >=3.13,<3.14.0a0 *_cp313
  - python_abi 3.13.* *_cp313
  license: BSD-3-Clause
  license_family: BSD
  purls:
  - pkg:pypi/scipy?source=hash-mapping
  size: 14095281
  timestamp: 1754970453860
- conda: https://conda.anaconda.org/conda-forge/noarch/six-1.17.0-pyhe01879c_1.conda
  sha256: 458227f759d5e3fcec5d9b7acce54e10c9e1f4f4b7ec978f3bfd54ce4ee9853d
  md5: 3339e3b65d58accf4ca4fb8748ab16b3
  depends:
  - python >=3.9
  - python
  license: MIT
  license_family: MIT
  purls:
  - pkg:pypi/six?source=hash-mapping
  size: 18455
  timestamp: 1753199211006
- pypi: https://files.pythonhosted.org/packages/04/be/d09147ad1ec7934636ad912901c5fd7667e1c858e19d355237db0d0cd5e4/smmap-5.0.2-py3-none-any.whl
  name: smmap
  version: 5.0.2
  sha256: b30115f0def7d7531d22a0fb6502488d879e75b260a9db4d0819cfb25403af5e
  requires_python: '>=3.7'
- conda: https://conda.anaconda.org/conda-forge/osx-arm64/statsmodels-0.14.5-py313h46657e6_0.conda
  sha256: 730eba5efa29d4b1673993b2973f6bc470932449ead9265023458fd3fb71b115
  md5: 7d9fc73b120c8d6d5e4df2b285c15ac5
  depends:
  - __osx >=11.0
  - numpy <3,>=1.22.3
  - numpy >=1.23,<3
  - packaging >=21.3
  - pandas !=2.1.0,>=1.4
  - patsy >=0.5.6
  - python >=3.13,<3.14.0a0
  - python >=3.13,<3.14.0a0 *_cp313
  - python_abi 3.13.* *_cp313
  - scipy !=1.9.2,>=1.8
  license: BSD-3-Clause
  license_family: BSD
  purls:
  - pkg:pypi/statsmodels?source=hash-mapping
  size: 11683546
  timestamp: 1751918330609
- pypi: https://files.pythonhosted.org/packages/8c/9d/fe78a94ca379aa80e0e14900ce0e6276d339710a11039ad8700dc66a8014/streamlit-1.49.0-py3-none-any.whl
  name: streamlit
  version: 1.49.0
  sha256: 4defc9bcdaa6ee214ce25c1a8f660bcc410293a9e78a82251938793c8694a5ee
  requires_dist:
  - altair>=4.0,!=5.4.0,!=5.4.1,<6
  - blinker>=1.5.0,<2
  - cachetools>=4.0,<7
  - click>=7.0,<9
  - numpy>=1.23,<3
  - packaging>=20,<26
  - pandas>=1.4.0,<3
  - pillow>=7.1.0,<12
  - protobuf>=3.20,<7
  - pyarrow>=7.0
  - requests>=2.27,<3
  - tenacity>=8.1.0,<10
  - toml>=0.10.1,<2
  - typing-extensions>=4.4.0,<5
  - watchdog>=2.1.5,<7 ; sys_platform != 'darwin'
  - gitpython>=3.0.7,!=3.1.19,<4
  - pydeck>=0.8.0b4,<1
  - tornado>=6.0.3,!=6.5.0,<7
  - snowflake-snowpark-python[modin]>=1.17.0 ; python_full_version < '3.12' and extra == 'snowflake'
  - snowflake-connector-python>=3.3.0 ; python_full_version < '3.12' and extra == 'snowflake'
  - streamlit-pdf>=1.0.0 ; extra == 'pdf'
  - authlib>=1.3.2 ; extra == 'auth'
  - matplotlib>=3.0.0 ; extra == 'charts'
  - graphviz>=0.19.0 ; extra == 'charts'
  - plotly>=4.0.0 ; extra == 'charts'
  - orjson>=3.5.0 ; extra == 'charts'
  - sqlalchemy>=2.0.0 ; extra == 'sql'
  - streamlit[auth,charts,pdf,snowflake,sql] ; extra == 'all'
  - rich>=11.0.0 ; extra == 'all'
  requires_python: '>=3.9,!=3.9.7'
- pypi: https://files.pythonhosted.org/packages/e5/30/643397144bfbfec6f6ef821f36f33e57d35946c44a2352d3c9f0ae847619/tenacity-9.1.2-py3-none-any.whl
  name: tenacity
  version: 9.1.2
  sha256: f77bf36710d8b73a50b2dd155c97b870017ad21afe6ab300326b0371b3b05138
  requires_dist:
  - reno ; extra == 'doc'
  - sphinx ; extra == 'doc'
  - pytest ; extra == 'test'
  - tornado>=4.5 ; extra == 'test'
  - typeguard ; extra == 'test'
  requires_python: '>=3.9'
- conda: https://conda.anaconda.org/conda-forge/osx-arm64/tk-8.6.13-h892fb3f_2.conda
  sha256: cb86c522576fa95c6db4c878849af0bccfd3264daf0cc40dd18e7f4a7bfced0e
  md5: 7362396c170252e7b7b0c8fb37fe9c78
  depends:
  - __osx >=11.0
  - libzlib >=1.3.1,<2.0a0
  license: TCL
  license_family: BSD
  purls: []
  size: 3125538
  timestamp: 1748388189063
- pypi: https://files.pythonhosted.org/packages/44/6f/7120676b6d73228c96e17f1f794d8ab046fc910d781c8d151120c3f1569e/toml-0.10.2-py2.py3-none-any.whl
  name: toml
  version: 0.10.2
  sha256: 806143ae5bfb6a3c6e736a764057db0e6a0e05e338b5630894a5f779cabb4f9b
  requires_python: '>=2.6,!=3.0.*,!=3.1.*,!=3.2.*'
- pypi: https://files.pythonhosted.org/packages/f6/48/6a7529df2c9cc12efd2e8f5dd219516184d703b34c06786809670df5b3bd/tornado-6.5.2-cp39-abi3-macosx_10_9_universal2.whl
  name: tornado
  version: 6.5.2
  sha256: 2436822940d37cde62771cff8774f4f00b3c8024fe482e16ca8387b8a2724db6
  requires_python: '>=3.9'
- pypi: ./
  name: twin-city-climate-compass
  version: 0.1.0
  sha256: 2372eabb96ba819dc908605db4af2ed62c94244b9793e1588e27693634986fd4
  requires_dist:
  - streamlit
  - pandas
  - numpy
  - altair
  - statsmodels
  requires_python: '>=3.11'
  editable: true
- pypi: https://files.pythonhosted.org/packages/18/67/36e9267722cc04a6b9f15c7f3441c2363321a3ea07da7ae0c0707beb2a9c/typing_extensions-4.15.0-py3-none-any.whl
  name: typing-extensions
  version: 4.15.0
  sha256: f0fa19c6845758ab08074a0cfa8b7aecb71c999ca73d62883bc25cc018c4e548
  requires_python: '>=3.9'
- conda: https://conda.anaconda.org/conda-forge/noarch/tzdata-2025b-h78e105d_0.conda
  sha256: 5aaa366385d716557e365f0a4e9c3fca43ba196872abbbe3d56bb610d131e192
  md5: 4222072737ccff51314b5ece9c7d6f5a
  license: LicenseRef-Public-Domain
  purls: []
  size: 122968
  timestamp: 1742727099393
- pypi: https://files.pythonhosted.org/packages/a7/c2/fe1e52489ae3122415c51f387e221dd0773709bad6c6cdaa599e8a2c5185/urllib3-2.5.0-py3-none-any.whl
  name: urllib3
  version: 2.5.0
  sha256: e6b01673c0fa6a13e374b50871808eb3bf7046c4b125b216f6bf1cc604cff0dc
  requires_dist:
  - brotli>=1.0.9 ; platform_python_implementation == 'CPython' and extra == 'brotli'
  - brotlicffi>=0.8.0 ; platform_python_implementation != 'CPython' and extra == 'brotli'
  - h2>=4,<5 ; extra == 'h2'
  - pysocks>=1.5.6,!=1.5.7,<2.0 ; extra == 'socks'
  - zstandard>=0.18.0 ; extra == 'zstd'
  requires_python: '>=3.9'
